# THIS IS AN AUTOGENERATED FILE. DO NOT EDIT THIS FILE DIRECTLY.
# yarn lockfile v1


"@azure/msal-common@14.16.1":
  version "14.16.1"

"@azure/msal-node@^2.0.2":
  version "2.16.3"
  dependencies:
    "@azure/msal-common" "14.16.1"
    jsonwebtoken "^9.0.0"
    uuid "^8.3.0"

"@discordjs/collection@^0.1.6":
  version "0.1.6"

"@discordjs/form-data@^3.0.1":
  version "3.0.1"
  dependencies:
    asynckit "^0.4.0"
    combined-stream "^1.0.8"
    mime-types "^2.1.12"

"@types/node-rsa@^1.1.4":
  version "1.1.4"
  dependencies:
    "@types/node" "*"

"@types/node@*":
  version "25.2.3"
  dependencies:
    undici-types "~7.16.0"

"@types/readable-stream@^4.0.0":
  version "4.0.23"
  dependencies:
    "@types/node" "*"

"@xboxreplay/errors@^0.1.0":
  version "0.1.0"

"@xboxreplay/xboxlive-auth@^3.3.3":
  version "3.3.3"
  dependencies:
    "@xboxreplay/errors" "^0.1.0"
    axios "^0.21.1"

abort-controller@^3.0.0:
  version "3.0.0"
  dependencies:
    event-target-shim "^5.0.0"

accepts@~1.3.8:
  version "1.3.8"
  dependencies:
    mime-types "~2.1.34"
    negotiator "0.6.3"

aes-js@^3.1.2:
  version "3.1.2"

ajv@^6.5.4:
  version "6.12.6"
  dependencies:
    fast-deep-equal "^3.1.1"
    fast-json-stable-stringify "^2.0.0"
    json-schema-traverse "^0.4.1"
    uri-js "^4.2.2"

ansi-styles@^4.1.0:
  version "4.3.0"
  dependencies:
    color-convert "^2.0.1"

array-flatten@1.1.1:
  version "1.1.1"

asn1@0.2.3:
  version "0.2.3"

async-function@^1.0.0:
  version "1.0.0"

async-generator-function@^1.0.0:
  version "1.0.0"

asynckit@^0.4.0:
  version "0.4.0"

axios@^0.21.1:
  version "0.21.4"
  dependencies:
    follow-redirects "^1.14.0"

base64-js@^1.3.1:
  version "1.5.1"

body-parser@~1.20.3:
  version "1.20.4"
  dependencies:
    bytes "~3.1.2"
    content-type "~1.0.5"
    debug "2.6.9"
    depd "2.0.0"
    destroy "~1.2.0"
    http-errors "~2.0.1"
    iconv-lite "~0.4.24"
    on-finished "~2.4.1"
    qs "~6.14.0"
    raw-body "~2.5.3"
    type-is "~1.6.18"
    unpipe "~1.0.0"

buffer-equal-constant-time@^1.0.1:
  version "1.0.1"

buffer-equal@^1.0.0:
  version "1.0.1"

buffer@^6.0.3:
  version "6.0.3"
  dependencies:
    base64-js "^1.3.1"
    ieee754 "^1.2.1"

bytes@~3.1.2:
  version "3.1.2"

call-bind-apply-helpers@^1.0.1, call-bind-apply-helpers@^1.0.2:
  version "1.0.2"
  dependencies:
    es-errors "^1.3.0"
    function-bind "^1.1.2"

call-bound@^1.0.2:
  version "1.0.4"
  dependencies:
    call-bind-apply-helpers "^1.0.2"
    get-intrinsic "^1.3.0"

chalk@^4.1.0:
  version "4.1.2"
  dependencies:
    ansi-styles "^4.1.0"
    supports-color "^7.1.0"

color-convert@^2.0.1:
  version "2.0.1"
  dependencies:
    color-name "~1.1.4"

color-name@~1.1.4:
  version "1.1.4"

combined-stream@^1.0.8:
  version "1.0.8"
  dependencies:
    delayed-stream "~1.0.0"

commander@^2.19.0:
  version "2.20.3"

content-disposition@~0.5.4:
  version "0.5.4"
  dependencies:
    safe-buffer "5.2.1"

content-type@~1.0.4, content-type@~1.0.5:
  version "1.0.5"

cookie-signature@~1.0.6:
  version "1.0.7"

cookie@~0.7.1:
  version "0.7.2"

debug@^4.3.2:
  version "4.4.3"
  dependencies:
    ms "^2.1.3"

debug@^4.3.3:
  version "4.4.3"
  dependencies:
    ms "^2.1.3"

debug@2.6.9:
  version "2.6.9"
  dependencies:
    ms "2.0.0"

delayed-stream@~1.0.0:
  version "1.0.0"

depd@~2.0.0, depd@2.0.0:
  version "2.0.0"

destroy@~1.2.0, destroy@1.2.0:
  version "1.2.0"

discontinuous-range@1.0.0:
  version "1.0.0"

discord.js-light@^3.5.0:
  version "3.5.11"
  dependencies:
    discord.js "12.5.3"

discord.js@12.5.3:
  version "12.5.3"
  dependencies:
    "@discordjs/collection" "^0.1.6"
    "@discordjs/form-data" "^3.0.1"
    abort-controller "^3.0.0"
    node-fetch "^2.6.1"
    prism-media "^1.2.9"
    setimmediate "^1.0.5"
    tweetnacl "^1.0.3"
    ws "^7.4.4"

dunder-proto@^1.0.1:
  version "1.0.1"
  dependencies:
    call-bind-apply-helpers "^1.0.1"
    es-errors "^1.3.0"
    gopd "^1.2.0"

ecdsa-sig-formatter@1.0.11:
  version "1.0.11"
  dependencies:
    safe-buffer "^5.0.1"

ee-first@1.1.1:
  version "1.1.1"

encodeurl@~2.0.0:
  version "2.0.0"

endian-toggle@^0.0.0:
  version "0.0.0"

es-define-property@^1.0.1:
  version "1.0.1"

es-errors@^1.3.0:
  version "1.3.0"

es-object-atoms@^1.0.0, es-object-atoms@^1.1.1:
  version "1.1.1"
  dependencies:
    es-errors "^1.3.0"

escape-html@~1.0.3:
  version "1.0.3"

etag@~1.8.1:
  version "1.8.1"

event-target-shim@^5.0.0:
  version "5.0.1"

events@^3.3.0:
  version "3.3.0"

express@^4.17.1:
  version "4.22.1"
  dependencies:
    accepts "~1.3.8"
    array-flatten "1.1.1"
    body-parser "~1.20.3"
    content-disposition "~0.5.4"
    content-type "~1.0.4"
    cookie "~0.7.1"
    cookie-signature "~1.0.6"
    debug "2.6.9"
    depd "2.0.0"
    encodeurl "~2.0.0"
    escape-html "~1.0.3"
    etag "~1.8.1"
    finalhandler "~1.3.1"
    fresh "~0.5.2"
    http-errors "~2.0.0"
    merge-descriptors "1.0.3"
    methods "~1.1.2"
    on-finished "~2.4.1"
    parseurl "~1.3.3"
    path-to-regexp "~0.1.12"
    proxy-addr "~2.0.7"
    qs "~6.14.0"
    range-parser "~1.2.1"
    safe-buffer "5.2.1"
    send "~0.19.0"
    serve-static "~1.16.2"
    setprototypeof "1.2.0"
    statuses "~2.0.1"
    type-is "~1.6.18"
    utils-merge "1.0.1"
    vary "~1.1.2"

fast-deep-equal@^3.1.1:
  version "3.1.3"

fast-json-stable-stringify@^2.0.0:
  version "2.1.0"

finalhandler@~1.3.1:
  version "1.3.2"
  dependencies:
    debug "2.6.9"
    encodeurl "~2.0.0"
    escape-html "~1.0.3"
    on-finished "~2.4.1"
    parseurl "~1.3.3"
    statuses "~2.0.2"
    unpipe "~1.0.0"

follow-redirects@^1.14.0:
  version "1.15.11"

forwarded@0.2.0:
  version "0.2.0"

fresh@~0.5.2:
  version "0.5.2"

function-bind@^1.1.2:
  version "1.1.2"

generator-function@^2.0.0:
  version "2.0.1"

get-intrinsic@^1.2.5, get-intrinsic@^1.3.0:
  version "1.3.1"
  dependencies:
    async-function "^1.0.0"
    async-generator-function "^1.0.0"
    call-bind-apply-helpers "^1.0.2"
    es-define-property "^1.0.1"
    es-errors "^1.3.0"
    es-object-atoms "^1.1.1"
    function-bind "^1.1.2"
    generator-function "^2.0.0"
    get-proto "^1.0.1"
    gopd "^1.2.0"
    has-symbols "^1.1.0"
    hasown "^2.0.2"
    math-intrinsics "^1.1.0"

get-proto@^1.0.1:
  version "1.0.1"
  dependencies:
    dunder-proto "^1.0.1"
    es-object-atoms "^1.0.0"

gopd@^1.2.0:
  version "1.2.0"

has-flag@^4.0.0:
  version "4.0.0"

has-symbols@^1.1.0:
  version "1.1.0"

hasown@^2.0.2:
  version "2.0.2"
  dependencies:
    function-bind "^1.1.2"

http-errors@~2.0.0, http-errors@~2.0.1:
  version "2.0.1"
  dependencies:
    depd "~2.0.0"
    inherits "~2.0.4"
    setprototypeof "~1.2.0"
    statuses "~2.0.2"
    toidentifier "~1.0.1"

iconv-lite@~0.4.24:
  version "0.4.24"
  dependencies:
    safer-buffer ">= 2.1.2 < 3"

ieee754@^1.2.1:
  version "1.2.1"

inherits@~2.0.4:
  version "2.0.4"

ipaddr.js@1.9.1:
  version "1.9.1"

json-schema-traverse@^0.4.1:
  version "0.4.1"

jsonwebtoken@^9.0.0:
  version "9.0.3"
  dependencies:
    jws "^4.0.1"
    lodash.includes "^4.3.0"
    lodash.isboolean "^3.0.3"
    lodash.isinteger "^4.0.4"
    lodash.isnumber "^3.0.3"
    lodash.isplainobject "^4.0.6"
    lodash.isstring "^4.0.1"
    lodash.once "^4.0.0"
    ms "^2.1.1"
    semver "^7.5.4"

jwa@^2.0.1:
  version "2.0.1"
  dependencies:
    buffer-equal-constant-time "^1.0.1"
    ecdsa-sig-formatter "1.0.11"
    safe-buffer "^5.0.1"

jws@^4.0.1:
  version "4.0.1"
  dependencies:
    jwa "^2.0.1"
    safe-buffer "^5.0.1"

lodash.includes@^4.3.0:
  version "4.3.0"

lodash.isboolean@^3.0.3:
  version "3.0.3"

lodash.isinteger@^4.0.4:
  version "4.0.4"

lodash.isnumber@^3.0.3:
  version "3.0.3"

lodash.isplainobject@^4.0.6:
  version "4.0.6"

lodash.isstring@^4.0.1:
  version "4.0.1"

lodash.merge@^4.3.0:
  version "4.6.2"

lodash.once@^4.0.0:
  version "4.1.1"

lodash.reduce@^4.6.0:
  version "4.6.0"

macaddress@^0.5.1:
  version "0.5.4"

math-intrinsics@^1.1.0:
  version "1.1.0"

media-typer@0.3.0:
  version "0.3.0"

merge-descriptors@1.0.3:
  version "1.0.3"

methods@~1.1.2:
  version "1.1.2"

mime-db@1.52.0:
  version "1.52.0"

mime-types@^2.1.12, mime-types@~2.1.24, mime-types@~2.1.34:
  version "2.1.35"
  dependencies:
    mime-db "1.52.0"

mime@1.6.0:
  version "1.6.0"

minecraft-data@^3.0.0, minecraft-data@^3.105.0, minecraft-data@^3.38.0, minecraft-data@^3.70.0, minecraft-data@^3.78.0, minecraft-data@^3.98.0:
  version "3.105.0"
  resolved "https://registry.npmjs.org/minecraft-data/-/minecraft-data-3.105.0.tgz"
  integrity sha512-4bu0PYcd7qFDmLHYA0wzFYS9jqO4EpbbD4ntzdNg/wsLgqpQ/Mku8UbQcQFdap0X2zN+7Eiio0GYq2SOEoOCfg==

minecraft-folder-path@^1.2.0:
  version "1.2.0"

minecraft-protocol@^1.64.0:
  version "1.64.0"
  resolved "https://registry.npmjs.org/minecraft-protocol/-/minecraft-protocol-1.64.0.tgz"
  integrity sha512-SM6M9016NuBp30YGOBsP+Xfs8WdsDOxaGFQ/YE/BtxpAI0rfO8l6T5jFAJ4vEvFwHvLEjpGcfnvKh8LUUWoqEA==
  dependencies:
    "@types/node-rsa" "^1.1.4"
    "@types/readable-stream" "^4.0.0"
    aes-js "^3.1.2"
    buffer-equal "^1.0.0"
    debug "^4.3.2"
    endian-toggle "^0.0.0"
    lodash.merge "^4.3.0"
    minecraft-data "^3.78.0"
    minecraft-folder-path "^1.2.0"
    node-fetch "^2.6.1"
    node-rsa "^0.4.2"
    prismarine-auth "^2.2.0"
    prismarine-chat "^1.10.0"
    prismarine-nbt "^2.5.0"
    prismarine-realms "^1.2.0"
    protodef "^1.17.0"
    readable-stream "^4.1.0"
    uuid-1345 "^1.0.1"
    yggdrasil "^1.4.0"

mineflayer@^4.35.0:
  version "4.35.0"
  resolved "https://registry.npmjs.org/mineflayer/-/mineflayer-4.35.0.tgz"
  integrity sha512-pQjXUcPj7fnUUt1xD23A6j/qdLoacrG7Y0gfbFaquiBeVokd7b1rr7f1yzm/4OQIHIi7PkG+dZR9XuSxff+cMQ==
  dependencies:
    minecraft-data "^3.98.0"
    minecraft-protocol "^1.64.0"
    prismarine-biome "^1.1.1"
    prismarine-block "^1.22.0"
    prismarine-chat "^1.7.1"
    prismarine-chunk "^1.39.0"
    prismarine-entity "^2.5.0"
    prismarine-item "^1.17.0"
    prismarine-nbt "^2.0.0"
    prismarine-physics "^1.9.0"
    prismarine-recipe "^1.3.0"
    prismarine-registry "^1.10.0"
    prismarine-windows "^2.9.0"
    prismarine-world "^3.6.0"
    protodef "^1.18.0"
    typed-emitter "^1.0.0"
    uuid-1345 "^1.0.2"
    vec3 "^0.1.7"

mojangson@^2.0.1:
  version "2.0.4"
  dependencies:
    nearley "^2.19.5"

moo@^0.5.0:
  version "0.5.2"

ms@^2.1.1, ms@^2.1.3, ms@2.1.3:
  version "2.1.3"

ms@2.0.0:
  version "2.0.0"

nearley@^2.19.5:
  version "2.20.1"
  dependencies:
    commander "^2.19.0"
    moo "^0.5.0"
    railroad-diagrams "^1.0.0"
    randexp "0.4.6"

negotiator@0.6.3:
  version "0.6.3"

node-fetch@^2.6.1:
  version "2.7.0"
  dependencies:
    whatwg-url "^5.0.0"

node-rsa@^0.4.2:
  version "0.4.2"
  dependencies:
    asn1 "0.2.3"

object-inspect@^1.13.3:
  version "1.13.4"

on-finished@~2.4.1:
  version "2.4.1"
  dependencies:
    ee-first "1.1.1"

parseurl@~1.3.3:
  version "1.3.3"

path-to-regexp@~0.1.12:
  version "0.1.12"

prism-media@^1.2.9:
  version "1.3.5"

prismarine-auth@^2.2.0:
  version "2.7.0"
  dependencies:
    "@azure/msal-node" "^2.0.2"
    "@xboxreplay/xboxlive-auth" "^3.3.3"
    debug "^4.3.3"
    smart-buffer "^4.1.0"
    uuid-1345 "^1.0.2"

prismarine-biome@^1.1.0, prismarine-biome@^1.1.1, prismarine-biome@^1.2.0:
  version "1.3.0"

prismarine-block@^1.14.1, prismarine-block@^1.17.1, prismarine-block@^1.22.0:
  version "1.22.0"
  dependencies:
    minecraft-data "^3.38.0"
    prismarine-biome "^1.1.0"
    prismarine-chat "^1.5.0"
    prismarine-item "^1.10.1"
    prismarine-nbt "^2.0.0"
    prismarine-registry "^1.1.0"

prismarine-chat@^1.10.0, prismarine-chat@^1.4.1, prismarine-chat@^1.5.0, prismarine-chat@^1.7.1:
  version "1.12.0"
  dependencies:
    mojangson "^2.0.1"
    prismarine-nbt "^2.0.0"
    prismarine-registry "^1.4.0"

prismarine-chunk@^1.39.0:
  version "1.39.0"
  dependencies:
    prismarine-biome "^1.2.0"
    prismarine-block "^1.14.1"
    prismarine-nbt "^2.2.1"
    prismarine-registry "^1.1.0"
    smart-buffer "^4.1.0"
    uint4 "^0.1.2"
    vec3 "^0.1.3"
    xxhash-wasm "^0.4.2"

prismarine-entity@^2.5.0:
  version "2.5.0"
  dependencies:
    prismarine-chat "^1.4.1"
    prismarine-item "^1.11.2"
    prismarine-registry "^1.4.0"
    vec3 "^0.1.4"

prismarine-item@^1.10.1, prismarine-item@^1.11.2, prismarine-item@^1.12.2, prismarine-item@^1.17.0:
  version "1.17.0"
  dependencies:
    prismarine-nbt "^2.0.0"
    prismarine-registry "^1.4.0"

prismarine-nbt@^2.0.0, prismarine-nbt@^2.2.1, prismarine-nbt@^2.5.0:
  version "2.8.0"
  dependencies:
    protodef "^1.18.0"

prismarine-physics@^1.9.0:
  version "1.10.0"
  dependencies:
    minecraft-data "^3.0.0"
    prismarine-nbt "^2.0.0"
    vec3 "^0.1.7"

prismarine-realms@^1.2.0:
  version "1.4.1"
  dependencies:
    debug "^4.3.3"
    node-fetch "^2.6.1"

prismarine-recipe@^1.3.0:
  version "1.3.1"

prismarine-registry@^1.1.0, prismarine-registry@^1.10.0, prismarine-registry@^1.4.0, prismarine-registry@^1.7.0:
  version "1.11.0"
  dependencies:
    minecraft-data "^3.70.0"
    prismarine-block "^1.17.1"
    prismarine-nbt "^2.0.0"

prismarine-windows@^2.9.0:
  version "2.9.0"
  dependencies:
    prismarine-item "^1.12.2"
    prismarine-registry "^1.7.0"
    typed-emitter "^2.1.0"

prismarine-world@^3.6.0:
  version "3.6.3"
  dependencies:
    vec3 "^0.1.7"

process@^0.11.10:
  version "0.11.10"

protodef-validator@^1.3.0:
  version "1.4.0"
  dependencies:
    ajv "^6.5.4"

protodef@^1.17.0, protodef@^1.18.0:
  version "1.19.0"
  dependencies:
    lodash.reduce "^4.6.0"
    protodef-validator "^1.3.0"
    readable-stream "^4.4.0"

proxy-addr@~2.0.7:
  version "2.0.7"
  dependencies:
    forwarded "0.2.0"
    ipaddr.js "1.9.1"

punycode@^2.1.0:
  version "2.3.1"

qs@~6.14.0:
  version "6.14.2"
  dependencies:
    side-channel "^1.1.0"

railroad-diagrams@^1.0.0:
  version "1.0.0"

randexp@0.4.6:
  version "0.4.6"
  dependencies:
    discontinuous-range "1.0.0"
    ret "~0.1.10"

range-parser@~1.2.1:
  version "1.2.1"

raw-body@~2.5.3:
  version "2.5.3"
  dependencies:
    bytes "~3.1.2"
    http-errors "~2.0.1"
    iconv-lite "~0.4.24"
    unpipe "~1.0.0"

readable-stream@^4.1.0, readable-stream@^4.4.0:
  version "4.7.0"
  dependencies:
    abort-controller "^3.0.0"
    buffer "^6.0.3"
    events "^3.3.0"
    process "^0.11.10"
    string_decoder "^1.3.0"

ret@~0.1.10:
  version "0.1.15"

rxjs@*:
  version "7.8.2"
  dependencies:
    tslib "^2.1.0"

safe-buffer@^5.0.1, safe-buffer@~5.2.0, safe-buffer@5.2.1:
  version "5.2.1"

"safer-buffer@>= 2.1.2 < 3":
  version "2.1.2"

semver@^7.5.4:
  version "7.7.4"

send@~0.19.0, send@~0.19.1:
  version "0.19.2"
  dependencies:
    debug "2.6.9"
    depd "2.0.0"
    destroy "1.2.0"
    encodeurl "~2.0.0"
    escape-html "~1.0.3"
    etag "~1.8.1"
    fresh "~0.5.2"
    http-errors "~2.0.1"
    mime "1.6.0"
    ms "2.1.3"
    on-finished "~2.4.1"
    range-parser "~1.2.1"
    statuses "~2.0.2"

serve-static@~1.16.2:
  version "1.16.3"
  dependencies:
    encodeurl "~2.0.0"
    escape-html "~1.0.3"
    parseurl "~1.3.3"
    send "~0.19.1"

setimmediate@^1.0.5:
  version "1.0.5"

setprototypeof@~1.2.0, setprototypeof@1.2.0:
  version "1.2.0"

side-channel-list@^1.0.0:
  version "1.0.0"
  dependencies:
    es-errors "^1.3.0"
    object-inspect "^1.13.3"

side-channel-map@^1.0.1:
  version "1.0.1"
  dependencies:
    call-bound "^1.0.2"
    es-errors "^1.3.0"
    get-intrinsic "^1.2.5"
    object-inspect "^1.13.3"

side-channel-weakmap@^1.0.2:
  version "1.0.2"
  dependencies:
    call-bound "^1.0.2"
    es-errors "^1.3.0"
    get-intrinsic "^1.2.5"
    object-inspect "^1.13.3"
    side-channel-map "^1.0.1"

side-channel@^1.1.0:
  version "1.1.0"
  dependencies:
    es-errors "^1.3.0"
    object-inspect "^1.13.3"
    side-channel-list "^1.0.0"
    side-channel-map "^1.0.1"
    side-channel-weakmap "^1.0.2"

smart-buffer@^4.1.0:
  version "4.2.0"

statuses@~2.0.1, statuses@~2.0.2:
  version "2.0.2"

string_decoder@^1.3.0:
  version "1.3.0"
  dependencies:
    safe-buffer "~5.2.0"

supports-color@^7.1.0:
  version "7.2.0"
  dependencies:
    has-flag "^4.0.0"

toidentifier@~1.0.1:
  version "1.0.1"

tr46@~0.0.3:
  version "0.0.3"

tslib@^2.1.0:
  version "2.8.1"

tweetnacl@^1.0.3:
  version "1.0.3"

type-is@~1.6.18:
  version "1.6.18"
  dependencies:
    media-typer "0.3.0"
    mime-types "~2.1.24"

typed-emitter@^1.0.0:
  version "1.4.0"

typed-emitter@^2.1.0:
  version "2.1.0"
  optionalDependencies:
    rxjs "*"

uint4@^0.1.2:
  version "0.1.2"

undici-types@~7.16.0:
  version "7.16.0"

unpipe@~1.0.0:
  version "1.0.0"

uri-js@^4.2.2:
  version "4.4.1"
  dependencies:
    punycode "^2.1.0"

utils-merge@1.0.1:
  version "1.0.1"

uuid-1345@^1.0.1, uuid-1345@^1.0.2:
  version "1.0.2"
  dependencies:
    macaddress "^0.5.1"

uuid@^8.2.0, uuid@^8.3.0:
  version "8.3.2"

vary@~1.1.2:
  version "1.1.2"

vec3@^0.1.3, vec3@^0.1.4, vec3@^0.1.7:
  version "0.1.10"

webidl-conversions@^3.0.0:
  version "3.0.1"

whatwg-url@^5.0.0:
  version "5.0.0"
  dependencies:
    tr46 "~0.0.3"
    webidl-conversions "^3.0.0"

ws@^7.4.4:
  version "7.5.10"

xxhash-wasm@^0.4.2:
  version "0.4.2"

yarn@^1.22.22:
  version "1.22.22"
  resolved "https://registry.npmjs.org/yarn/-/yarn-1.22.22.tgz"
  integrity sha512-prL3kGtyG7o9Z9Sv8IPfBNrWTDmXB4Qbes8A9rEzt6wkJV8mUvoirjU0Mp3GGAU06Y0XQyA3/2/RQFVuK7MTfg==

yggdrasil@^1.4.0:
  version "1.7.0"
  dependencies:
    node-fetch "^2.6.1"
    uuid "^8.2.0"
